// !$*UTF8*$!
{
	archiveVersion = 1;
	classes = {
	};
	objectVersion = 46;
	objects = {

/* Begin PBXBuildFile section */
		B40EE5741732BB8800667D36 /* Undoable.cpp in Sources */ = {isa = PBXBuildFile; fileRef = B40EE5721732BB8800667D36 /* Undoable.cpp */; };
		B40EE5781732BCCC00667D36 /* UndoRedoManager.cpp in Sources */ = {isa = PBXBuildFile; fileRef = B40EE5761732BCCC00667D36 /* UndoRedoManager.cpp */; };
		B40EE57B1732BCE200667D36 /* UndoRedoViewController.cpp in Sources */ = {isa = PBXBuildFile; fileRef = B40EE5791732BCE200667D36 /* UndoRedoViewController.cpp */; };
		B40EE5811732BD7400667D36 /* UndoRedoWindow.cpp in Sources */ = {isa = PBXBuildFile; fileRef = B40EE57F1732BD7400667D36 /* UndoRedoWindow.cpp */; };
		B40EE5851732C45900667D36 /* Undoable.h in Sources */ = {isa = PBXBuildFile; fileRef = B40EE5731732BB8800667D36 /* Undoable.h */; };
		B40EE5861732C45900667D36 /* UndoRedoManager.h in Sources */ = {isa = PBXBuildFile; fileRef = B40EE5771732BCCC00667D36 /* UndoRedoManager.h */; };
		B40EE5871732C45900667D36 /* UndoRedoViewController.h in Sources */ = {isa = PBXBuildFile; fileRef = B40EE57A1732BCE200667D36 /* UndoRedoViewController.h */; };
		B40EE5881732C45900667D36 /* Drawable.h in Sources */ = {isa = PBXBuildFile; fileRef = B40EE57D1732BD2000667D36 /* Drawable.h */; };
		B40EE5891732C45900667D36 /* UndoRedoWindow.h in Sources */ = {isa = PBXBuildFile; fileRef = B40EE5801732BD7400667D36 /* UndoRedoWindow.h */; };
		B40EE58C1732C97F00667D36 /* UndoRedoView.cpp in Sources */ = {isa = PBXBuildFile; fileRef = B40EE58A1732C97F00667D36 /* UndoRedoView.cpp */; };
		B40EE58F1732D08C00667D36 /* Rectangle.cpp in Sources */ = {isa = PBXBuildFile; fileRef = B40EE58D1732D08C00667D36 /* Rectangle.cpp */; };
		B40EE5901732D72500667D36 /* UndoRedoView.h in Sources */ = {isa = PBXBuildFile; fileRef = B40EE58B1732C97F00667D36 /* UndoRedoView.h */; };
		B40EE5911732D72500667D36 /* Rectangle.h in Sources */ = {isa = PBXBuildFile; fileRef = B40EE58E1732D08C00667D36 /* Rectangle.h */; };
		B40EE5941732E78B00667D36 /* FlipClock.cpp in Sources */ = {isa = PBXBuildFile; fileRef = B40EE5921732E78B00667D36 /* FlipClock.cpp */; };
		B40EE5951732E79000667D36 /* FlipClock.h in Sources */ = {isa = PBXBuildFile; fileRef = B40EE5931732E78B00667D36 /* FlipClock.h */; };
		B44680CC1733DD3300D533A6 /* Circle.cpp in Sources */ = {isa = PBXBuildFile; fileRef = B44680C91733DD2000D533A6 /* Circle.cpp */; };
		B44680CD1733DD3300D533A6 /* Circle.h in Sources */ = {isa = PBXBuildFile; fileRef = B44680CA1733DD2000D533A6 /* Circle.h */; };
		B44680CF1733DDB500D533A6 /* Drawable.cpp in Sources */ = {isa = PBXBuildFile; fileRef = B44680CE1733DDB500D533A6 /* Drawable.cpp */; };
		B450FF68173D3013000A03B4 /* BasicAnimation.cpp in Sources */ = {isa = PBXBuildFile; fileRef = B450FF66173D3013000A03B4 /* BasicAnimation.cpp */; };
		B450FF6B173D3219000A03B4 /* AnimationCurve.cpp in Sources */ = {isa = PBXBuildFile; fileRef = B450FF69173D3219000A03B4 /* AnimationCurve.cpp */; };
		B450FF6E173D3226000A03B4 /* LinearAnimationCurve.cpp in Sources */ = {isa = PBXBuildFile; fileRef = B450FF6C173D3226000A03B4 /* LinearAnimationCurve.cpp */; };
		B450FF71173D3253000A03B4 /* EaseInAnimationCurve.cpp in Sources */ = {isa = PBXBuildFile; fileRef = B450FF6F173D3253000A03B4 /* EaseInAnimationCurve.cpp */; };
		B450FF74173D3260000A03B4 /* EaseOutAnimationCurve.cpp in Sources */ = {isa = PBXBuildFile; fileRef = B450FF72173D3260000A03B4 /* EaseOutAnimationCurve.cpp */; };
		B450FF77173D32D5000A03B4 /* EaseInOutAnimationCurve.cpp in Sources */ = {isa = PBXBuildFile; fileRef = B450FF75173D32D5000A03B4 /* EaseInOutAnimationCurve.cpp */; };
		B450FF7A173D3725000A03B4 /* Animation.cpp in Sources */ = {isa = PBXBuildFile; fileRef = B450FF78173D3725000A03B4 /* Animation.cpp */; };
		B450FF7B173D58B6000A03B4 /* BasicAnimation.h in Sources */ = {isa = PBXBuildFile; fileRef = B450FF67173D3013000A03B4 /* BasicAnimation.h */; };
		B450FF7C173D58B6000A03B4 /* AnimationCurve.h in Sources */ = {isa = PBXBuildFile; fileRef = B450FF6A173D3219000A03B4 /* AnimationCurve.h */; };
		B450FF7D173D58B6000A03B4 /* LinearAnimationCurve.h in Sources */ = {isa = PBXBuildFile; fileRef = B450FF6D173D3226000A03B4 /* LinearAnimationCurve.h */; };
		B450FF7E173D58B6000A03B4 /* EaseInAnimationCurve.h in Sources */ = {isa = PBXBuildFile; fileRef = B450FF70173D3253000A03B4 /* EaseInAnimationCurve.h */; };
		B450FF7F173D58B6000A03B4 /* EaseOutAnimationCurve.h in Sources */ = {isa = PBXBuildFile; fileRef = B450FF73173D3260000A03B4 /* EaseOutAnimationCurve.h */; };
		B450FF80173D58B6000A03B4 /* EaseInOutAnimationCurve.h in Sources */ = {isa = PBXBuildFile; fileRef = B450FF76173D32D5000A03B4 /* EaseInOutAnimationCurve.h */; };
		B450FF81173D58B6000A03B4 /* Animation.h in Sources */ = {isa = PBXBuildFile; fileRef = B450FF79173D3725000A03B4 /* Animation.h */; };
		B457522F17398A1F006F1FA5 /* UndoRedoCanvasView.cpp in Sources */ = {isa = PBXBuildFile; fileRef = B457522D17398A1F006F1FA5 /* UndoRedoCanvasView.cpp */; };
		B457523017398A27006F1FA5 /* UndoRedoCanvasView.h in Sources */ = {isa = PBXBuildFile; fileRef = B457522E17398A1F006F1FA5 /* UndoRedoCanvasView.h */; };
		B465D7B2170338B20022E543 /* mainwindow.cpp in Sources */ = {isa = PBXBuildFile; fileRef = B465D7B0170338B20022E543 /* mainwindow.cpp */; };
		B465D7B5170338C60022E543 /* main.cpp in Sources */ = {isa = PBXBuildFile; fileRef = B465D7B3170338C60022E543 /* main.cpp */; };
		B465D7B6170339800022E543 /* mainwindow.h in Sources */ = {isa = PBXBuildFile; fileRef = B465D7B1170338B20022E543 /* mainwindow.h */; };
		B465D88317033FDE0022E543 /* QtCLucene.framework in Frameworks */ = {isa = PBXBuildFile; fileRef = B465D86617033FDE0022E543 /* QtCLucene.framework */; };
		B465D88417033FDE0022E543 /* QtConcurrent.framework in Frameworks */ = {isa = PBXBuildFile; fileRef = B465D86717033FDE0022E543 /* QtConcurrent.framework */; };
		B465D88517033FDE0022E543 /* QtCore.framework in Frameworks */ = {isa = PBXBuildFile; fileRef = B465D86817033FDE0022E543 /* QtCore.framework */; };
		B465D88617033FDE0022E543 /* QtDeclarative.framework in Frameworks */ = {isa = PBXBuildFile; fileRef = B465D86917033FDE0022E543 /* QtDeclarative.framework */; };
		B465D88717033FDE0022E543 /* QtDesigner.framework in Frameworks */ = {isa = PBXBuildFile; fileRef = B465D86A17033FDE0022E543 /* QtDesigner.framework */; };
		B465D88817033FDE0022E543 /* QtDesignerComponents.framework in Frameworks */ = {isa = PBXBuildFile; fileRef = B465D86B17033FDE0022E543 /* QtDesignerComponents.framework */; };
		B465D88917033FDE0022E543 /* QtGui.framework in Frameworks */ = {isa = PBXBuildFile; fileRef = B465D86C17033FDE0022E543 /* QtGui.framework */; };
		B465D88A17033FDE0022E543 /* QtHelp.framework in Frameworks */ = {isa = PBXBuildFile; fileRef = B465D86D17033FDE0022E543 /* QtHelp.framework */; };
		B465D88B17033FDE0022E543 /* QtMultimedia.framework in Frameworks */ = {isa = PBXBuildFile; fileRef = B465D86E17033FDE0022E543 /* QtMultimedia.framework */; };
		B465D88C17033FDE0022E543 /* QtMultimediaQuick_p.framework in Frameworks */ = {isa = PBXBuildFile; fileRef = B465D86F17033FDE0022E543 /* QtMultimediaQuick_p.framework */; };
		B465D88D17033FDE0022E543 /* QtMultimediaWidgets.framework in Frameworks */ = {isa = PBXBuildFile; fileRef = B465D87017033FDE0022E543 /* QtMultimediaWidgets.framework */; };
		B465D88E17033FDE0022E543 /* QtNetwork.framework in Frameworks */ = {isa = PBXBuildFile; fileRef = B465D87117033FDE0022E543 /* QtNetwork.framework */; };
		B465D88F17033FDE0022E543 /* QtOpenGL.framework in Frameworks */ = {isa = PBXBuildFile; fileRef = B465D87217033FDE0022E543 /* QtOpenGL.framework */; };
		B465D89017033FDE0022E543 /* QtPrintSupport.framework in Frameworks */ = {isa = PBXBuildFile; fileRef = B465D87317033FDE0022E543 /* QtPrintSupport.framework */; };
		B465D89117033FDE0022E543 /* QtQml.framework in Frameworks */ = {isa = PBXBuildFile; fileRef = B465D87417033FDE0022E543 /* QtQml.framework */; };
		B465D89217033FDE0022E543 /* QtQuick.framework in Frameworks */ = {isa = PBXBuildFile; fileRef = B465D87517033FDE0022E543 /* QtQuick.framework */; };
		B465D89317033FDE0022E543 /* QtQuickParticles.framework in Frameworks */ = {isa = PBXBuildFile; fileRef = B465D87617033FDE0022E543 /* QtQuickParticles.framework */; };
		B465D89417033FDE0022E543 /* QtQuickTest.framework in Frameworks */ = {isa = PBXBuildFile; fileRef = B465D87717033FDE0022E543 /* QtQuickTest.framework */; };
		B465D89517033FDE0022E543 /* QtScript.framework in Frameworks */ = {isa = PBXBuildFile; fileRef = B465D87817033FDE0022E543 /* QtScript.framework */; };
		B465D89617033FDE0022E543 /* QtScriptTools.framework in Frameworks */ = {isa = PBXBuildFile; fileRef = B465D87917033FDE0022E543 /* QtScriptTools.framework */; };
		B465D89717033FDE0022E543 /* QtSql.framework in Frameworks */ = {isa = PBXBuildFile; fileRef = B465D87A17033FDE0022E543 /* QtSql.framework */; };
		B465D89817033FDE0022E543 /* QtSvg.framework in Frameworks */ = {isa = PBXBuildFile; fileRef = B465D87B17033FDE0022E543 /* QtSvg.framework */; };
		B465D89917033FDE0022E543 /* QtTest.framework in Frameworks */ = {isa = PBXBuildFile; fileRef = B465D87C17033FDE0022E543 /* QtTest.framework */; };
		B465D89A17033FDE0022E543 /* QtV8.framework in Frameworks */ = {isa = PBXBuildFile; fileRef = B465D87D17033FDE0022E543 /* QtV8.framework */; };
		B465D89B17033FDE0022E543 /* QtWebKit.framework in Frameworks */ = {isa = PBXBuildFile; fileRef = B465D87E17033FDE0022E543 /* QtWebKit.framework */; };
		B465D89C17033FDE0022E543 /* QtWebKitWidgets.framework in Frameworks */ = {isa = PBXBuildFile; fileRef = B465D87F17033FDE0022E543 /* QtWebKitWidgets.framework */; };
		B465D89D17033FDE0022E543 /* QtWidgets.framework in Frameworks */ = {isa = PBXBuildFile; fileRef = B465D88017033FDE0022E543 /* QtWidgets.framework */; };
		B465D89E17033FDE0022E543 /* QtXml.framework in Frameworks */ = {isa = PBXBuildFile; fileRef = B465D88117033FDE0022E543 /* QtXml.framework */; };
		B465D89F17033FDE0022E543 /* QtXmlPatterns.framework in Frameworks */ = {isa = PBXBuildFile; fileRef = B465D88217033FDE0022E543 /* QtXmlPatterns.framework */; };
		B4EFFEEB171ED0C80076E810 /* AnalogClock.cpp in Sources */ = {isa = PBXBuildFile; fileRef = B4EFFEE7171ED0C80076E810 /* AnalogClock.cpp */; };
		B4EFFEEC171ED0C80076E810 /* Clock.cpp in Sources */ = {isa = PBXBuildFile; fileRef = B4EFFEE9171ED0C80076E810 /* Clock.cpp */; };
		B4EFFEF6171ED2DA0076E810 /* ViewController.cpp in Sources */ = {isa = PBXBuildFile; fileRef = B4EFFEF4171ED2DA0076E810 /* ViewController.cpp */; };
		B4EFFEF9171ED2F20076E810 /* DataSource.cpp in Sources */ = {isa = PBXBuildFile; fileRef = B4EFFEF7171ED2F20076E810 /* DataSource.cpp */; };
		B4EFFEFC171ED2FF0076E810 /* Pupil.cpp in Sources */ = {isa = PBXBuildFile; fileRef = B4EFFEFA171ED2FF0076E810 /* Pupil.cpp */; };
		B4EFFEFF171ED3130076E810 /* ClockApp.cpp in Sources */ = {isa = PBXBuildFile; fileRef = B4EFFEFD171ED3130076E810 /* ClockApp.cpp */; };
		B4EFFF02171ED32C0076E810 /* NotificationCenter.cpp in Sources */ = {isa = PBXBuildFile; fileRef = B4EFFF00171ED32C0076E810 /* NotificationCenter.cpp */; };
		B4EFFF03171ED4A90076E810 /* DataSource.h in Sources */ = {isa = PBXBuildFile; fileRef = B4EFFEF8171ED2F20076E810 /* DataSource.h */; };
		B4EFFF04171ED4A90076E810 /* Pupil.h in Sources */ = {isa = PBXBuildFile; fileRef = B4EFFEFB171ED2FF0076E810 /* Pupil.h */; };
		B4EFFF05171ED4A90076E810 /* AnalogClock.h in Sources */ = {isa = PBXBuildFile; fileRef = B4EFFEE8171ED0C80076E810 /* AnalogClock.h */; };
		B4EFFF06171ED4A90076E810 /* Clock.h in Sources */ = {isa = PBXBuildFile; fileRef = B4EFFEEA171ED0C80076E810 /* Clock.h */; };
		B4EFFF07171ED4A90076E810 /* ViewController.h in Sources */ = {isa = PBXBuildFile; fileRef = B4EFFEF5171ED2DA0076E810 /* ViewController.h */; };
		B4EFFF08171ED4A90076E810 /* ClockApp.h in Sources */ = {isa = PBXBuildFile; fileRef = B4EFFEFE171ED3130076E810 /* ClockApp.h */; };
		B4EFFF09171ED4A90076E810 /* NotificationCenter.h in Sources */ = {isa = PBXBuildFile; fileRef = B4EFFF01171ED32C0076E810 /* NotificationCenter.h */; };
/* End PBXBuildFile section */

/* Begin PBXBuildRule section */
		B4E9D31117048259001D7674 /* PBXBuildRule */ = {
			isa = PBXBuildRule;
			compilerSpec = com.apple.compilers.proxy.script;
			filePatterns = "*.h";
			fileType = pattern.proxy;
			isEditable = 1;
			outputFiles = (
				"${INPUT_FILE_DIR}/${INPUT_FILE_BASE}_moc.cpp",
			);
			script = "${HOME}/Qt5.0.1/5.0.1/clang_64/bin/moc ${INPUT_FILE_PATH} -f -o ${INPUT_FILE_DIR}/${INPUT_FILE_BASE}_moc.cpp";
		};
/* End PBXBuildRule section */

/* Begin PBXCopyFilesBuildPhase section */
		B40A8C7617032B2B00FE876D /* CopyFiles */ = {
			isa = PBXCopyFilesBuildPhase;
			buildActionMask = 2147483647;
			dstPath = /usr/share/man/man1/;
			dstSubfolderSpec = 0;
			files = (
			);
			runOnlyForDeploymentPostprocessing = 1;
		};
/* End PBXCopyFilesBuildPhase section */

/* Begin PBXFileReference section */
		B40A8C7817032B2B00FE876D /* Clock */ = {isa = PBXFileReference; explicitFileType = "compiled.mach-o.executable"; includeInIndex = 0; path = Clock; sourceTree = BUILT_PRODUCTS_DIR; };
		B40EE5721732BB8800667D36 /* Undoable.cpp */ = {isa = PBXFileReference; fileEncoding = 4; lastKnownFileType = sourcecode.cpp.cpp; name = Undoable.cpp; path = UndoRedo/Undoable.cpp; sourceTree = SOURCE_ROOT; };
		B40EE5731732BB8800667D36 /* Undoable.h */ = {isa = PBXFileReference; fileEncoding = 4; lastKnownFileType = sourcecode.c.h; name = Undoable.h; path = UndoRedo/Undoable.h; sourceTree = SOURCE_ROOT; };
		B40EE5761732BCCC00667D36 /* UndoRedoManager.cpp */ = {isa = PBXFileReference; fileEncoding = 4; lastKnownFileType = sourcecode.cpp.cpp; name = UndoRedoManager.cpp; path = UndoRedo/UndoRedoManager.cpp; sourceTree = SOURCE_ROOT; };
		B40EE5771732BCCC00667D36 /* UndoRedoManager.h */ = {isa = PBXFileReference; fileEncoding = 4; lastKnownFileType = sourcecode.c.h; name = UndoRedoManager.h; path = UndoRedo/UndoRedoManager.h; sourceTree = SOURCE_ROOT; };
		B40EE5791732BCE200667D36 /* UndoRedoViewController.cpp */ = {isa = PBXFileReference; fileEncoding = 4; lastKnownFileType = sourcecode.cpp.cpp; name = UndoRedoViewController.cpp; path = UndoRedo/UndoRedoViewController.cpp; sourceTree = SOURCE_ROOT; };
		B40EE57A1732BCE200667D36 /* UndoRedoViewController.h */ = {isa = PBXFileReference; explicitFileType = sourcecode.cpp.h; fileEncoding = 4; name = UndoRedoViewController.h; path = UndoRedo/UndoRedoViewController.h; sourceTree = SOURCE_ROOT; };
		B40EE57D1732BD2000667D36 /* Drawable.h */ = {isa = PBXFileReference; fileEncoding = 4; lastKnownFileType = sourcecode.c.h; name = Drawable.h; path = UndoRedo/Drawable.h; sourceTree = SOURCE_ROOT; };
		B40EE57F1732BD7400667D36 /* UndoRedoWindow.cpp */ = {isa = PBXFileReference; fileEncoding = 4; lastKnownFileType = sourcecode.cpp.cpp; name = UndoRedoWindow.cpp; path = UndoRedo/UndoRedoWindow.cpp; sourceTree = SOURCE_ROOT; };
		B40EE5801732BD7400667D36 /* UndoRedoWindow.h */ = {isa = PBXFileReference; fileEncoding = 4; lastKnownFileType = sourcecode.c.h; name = UndoRedoWindow.h; path = UndoRedo/UndoRedoWindow.h; sourceTree = SOURCE_ROOT; };
		B40EE58A1732C97F00667D36 /* UndoRedoView.cpp */ = {isa = PBXFileReference; fileEncoding = 4; lastKnownFileType = sourcecode.cpp.cpp; name = UndoRedoView.cpp; path = UndoRedo/UndoRedoView.cpp; sourceTree = SOURCE_ROOT; };
		B40EE58B1732C97F00667D36 /* UndoRedoView.h */ = {isa = PBXFileReference; fileEncoding = 4; lastKnownFileType = sourcecode.c.h; name = UndoRedoView.h; path = UndoRedo/UndoRedoView.h; sourceTree = SOURCE_ROOT; };
		B40EE58D1732D08C00667D36 /* Rectangle.cpp */ = {isa = PBXFileReference; fileEncoding = 4; lastKnownFileType = sourcecode.cpp.cpp; name = Rectangle.cpp; path = UndoRedo/Rectangle.cpp; sourceTree = SOURCE_ROOT; };
		B40EE58E1732D08C00667D36 /* Rectangle.h */ = {isa = PBXFileReference; fileEncoding = 4; lastKnownFileType = sourcecode.c.h; name = Rectangle.h; path = UndoRedo/Rectangle.h; sourceTree = SOURCE_ROOT; };
		B40EE5921732E78B00667D36 /* FlipClock.cpp */ = {isa = PBXFileReference; fileEncoding = 4; lastKnownFileType = sourcecode.cpp.cpp; name = FlipClock.cpp; path = Views/Clocks/FlipClock.cpp; sourceTree = SOURCE_ROOT; };
		B40EE5931732E78B00667D36 /* FlipClock.h */ = {isa = PBXFileReference; fileEncoding = 4; lastKnownFileType = sourcecode.c.h; name = FlipClock.h; path = Views/Clocks/FlipClock.h; sourceTree = SOURCE_ROOT; };
		B44680C91733DD2000D533A6 /* Circle.cpp */ = {isa = PBXFileReference; fileEncoding = 4; lastKnownFileType = sourcecode.cpp.cpp; name = Circle.cpp; path = UndoRedo/Circle.cpp; sourceTree = SOURCE_ROOT; };
		B44680CA1733DD2000D533A6 /* Circle.h */ = {isa = PBXFileReference; fileEncoding = 4; lastKnownFileType = sourcecode.c.h; name = Circle.h; path = UndoRedo/Circle.h; sourceTree = SOURCE_ROOT; };
		B44680CE1733DDB500D533A6 /* Drawable.cpp */ = {isa = PBXFileReference; fileEncoding = 4; lastKnownFileType = sourcecode.cpp.cpp; name = Drawable.cpp; path = UndoRedo/Drawable.cpp; sourceTree = SOURCE_ROOT; };
		B450FF66173D3013000A03B4 /* BasicAnimation.cpp */ = {isa = PBXFileReference; fileEncoding = 4; lastKnownFileType = sourcecode.cpp.cpp; name = BasicAnimation.cpp; path = Animations/BasicAnimation.cpp; sourceTree = SOURCE_ROOT; };
		B450FF67173D3013000A03B4 /* BasicAnimation.h */ = {isa = PBXFileReference; fileEncoding = 4; lastKnownFileType = sourcecode.c.h; name = BasicAnimation.h; path = Animations/BasicAnimation.h; sourceTree = SOURCE_ROOT; };
		B450FF69173D3219000A03B4 /* AnimationCurve.cpp */ = {isa = PBXFileReference; fileEncoding = 4; lastKnownFileType = sourcecode.cpp.cpp; name = AnimationCurve.cpp; path = Animations/AnimationCurve.cpp; sourceTree = SOURCE_ROOT; };
		B450FF6A173D3219000A03B4 /* AnimationCurve.h */ = {isa = PBXFileReference; fileEncoding = 4; lastKnownFileType = sourcecode.c.h; name = AnimationCurve.h; path = Animations/AnimationCurve.h; sourceTree = SOURCE_ROOT; };
		B450FF6C173D3226000A03B4 /* LinearAnimationCurve.cpp */ = {isa = PBXFileReference; fileEncoding = 4; lastKnownFileType = sourcecode.cpp.cpp; name = LinearAnimationCurve.cpp; path = Animations/LinearAnimationCurve.cpp; sourceTree = SOURCE_ROOT; };
		B450FF6D173D3226000A03B4 /* LinearAnimationCurve.h */ = {isa = PBXFileReference; fileEncoding = 4; lastKnownFileType = sourcecode.c.h; name = LinearAnimationCurve.h; path = Animations/LinearAnimationCurve.h; sourceTree = SOURCE_ROOT; };
		B450FF6F173D3253000A03B4 /* EaseInAnimationCurve.cpp */ = {isa = PBXFileReference; fileEncoding = 4; lastKnownFileType = sourcecode.cpp.cpp; name = EaseInAnimationCurve.cpp; path = Animations/EaseInAnimationCurve.cpp; sourceTree = SOURCE_ROOT; };
		B450FF70173D3253000A03B4 /* EaseInAnimationCurve.h */ = {isa = PBXFileReference; fileEncoding = 4; lastKnownFileType = sourcecode.c.h; name = EaseInAnimationCurve.h; path = Animations/EaseInAnimationCurve.h; sourceTree = SOURCE_ROOT; };
		B450FF72173D3260000A03B4 /* EaseOutAnimationCurve.cpp */ = {isa = PBXFileReference; fileEncoding = 4; lastKnownFileType = sourcecode.cpp.cpp; name = EaseOutAnimationCurve.cpp; path = Animations/EaseOutAnimationCurve.cpp; sourceTree = SOURCE_ROOT; };
		B450FF73173D3260000A03B4 /* EaseOutAnimationCurve.h */ = {isa = PBXFileReference; fileEncoding = 4; lastKnownFileType = sourcecode.c.h; name = EaseOutAnimationCurve.h; path = Animations/EaseOutAnimationCurve.h; sourceTree = SOURCE_ROOT; };
		B450FF75173D32D5000A03B4 /* EaseInOutAnimationCurve.cpp */ = {isa = PBXFileReference; fileEncoding = 4; lastKnownFileType = sourcecode.cpp.cpp; name = EaseInOutAnimationCurve.cpp; path = Animations/EaseInOutAnimationCurve.cpp; sourceTree = SOURCE_ROOT; };
		B450FF76173D32D5000A03B4 /* EaseInOutAnimationCurve.h */ = {isa = PBXFileReference; fileEncoding = 4; lastKnownFileType = sourcecode.c.h; name = EaseInOutAnimationCurve.h; path = Animations/EaseInOutAnimationCurve.h; sourceTree = SOURCE_ROOT; };
		B450FF78173D3725000A03B4 /* Animation.cpp */ = {isa = PBXFileReference; fileEncoding = 4; lastKnownFileType = sourcecode.cpp.cpp; name = Animation.cpp; path = Animations/Animation.cpp; sourceTree = SOURCE_ROOT; };
		B450FF79173D3725000A03B4 /* Animation.h */ = {isa = PBXFileReference; fileEncoding = 4; lastKnownFileType = sourcecode.c.h; name = Animation.h; path = Animations/Animation.h; sourceTree = SOURCE_ROOT; };
		B457522D17398A1F006F1FA5 /* UndoRedoCanvasView.cpp */ = {isa = PBXFileReference; fileEncoding = 4; lastKnownFileType = sourcecode.cpp.cpp; name = UndoRedoCanvasView.cpp; path = UndoRedo/UndoRedoCanvasView.cpp; sourceTree = SOURCE_ROOT; };
		B457522E17398A1F006F1FA5 /* UndoRedoCanvasView.h */ = {isa = PBXFileReference; fileEncoding = 4; lastKnownFileType = sourcecode.c.h; name = UndoRedoCanvasView.h; path = UndoRedo/UndoRedoCanvasView.h; sourceTree = SOURCE_ROOT; };
		B465D7B0170338B20022E543 /* mainwindow.cpp */ = {isa = PBXFileReference; fileEncoding = 4; lastKnownFileType = sourcecode.cpp.cpp; path = mainwindow.cpp; sourceTree = SOURCE_ROOT; };
		B465D7B1170338B20022E543 /* mainwindow.h */ = {isa = PBXFileReference; explicitFileType = sourcecode.cpp.h; fileEncoding = 4; path = mainwindow.h; sourceTree = SOURCE_ROOT; };
		B465D7B3170338C60022E543 /* main.cpp */ = {isa = PBXFileReference; fileEncoding = 4; lastKnownFileType = sourcecode.cpp.cpp; path = main.cpp; sourceTree = SOURCE_ROOT; };
		B465D86617033FDE0022E543 /* QtCLucene.framework */ = {isa = PBXFileReference; lastKnownFileType = wrapper.framework; name = QtCLucene.framework; path = Users/Qt5.0.1/5.0.1/clang_64/lib/QtCLucene.framework; sourceTree = SDKROOT; };
		B465D86717033FDE0022E543 /* QtConcurrent.framework */ = {isa = PBXFileReference; lastKnownFileType = wrapper.framework; name = QtConcurrent.framework; path = ../../../Qt5.0.1/5.0.1/clang_64/lib/QtConcurrent.framework; sourceTree = "<group>"; };
		B465D86817033FDE0022E543 /* QtCore.framework */ = {isa = PBXFileReference; lastKnownFileType = wrapper.framework; name = QtCore.framework; path = Users/Qt5.0.1/5.0.1/clang_64/lib/QtCore.framework; sourceTree = SDKROOT; };
		B465D86917033FDE0022E543 /* QtDeclarative.framework */ = {isa = PBXFileReference; lastKnownFileType = wrapper.framework; name = QtDeclarative.framework; path = ../../../Qt5.0.1/5.0.1/clang_64/lib/QtDeclarative.framework; sourceTree = "<group>"; };
		B465D86A17033FDE0022E543 /* QtDesigner.framework */ = {isa = PBXFileReference; lastKnownFileType = wrapper.framework; name = QtDesigner.framework; path = ../../../Qt5.0.1/5.0.1/clang_64/lib/QtDesigner.framework; sourceTree = "<group>"; };
		B465D86B17033FDE0022E543 /* QtDesignerComponents.framework */ = {isa = PBXFileReference; lastKnownFileType = wrapper.framework; name = QtDesignerComponents.framework; path = ../../../Qt5.0.1/5.0.1/clang_64/lib/QtDesignerComponents.framework; sourceTree = "<group>"; };
		B465D86C17033FDE0022E543 /* QtGui.framework */ = {isa = PBXFileReference; lastKnownFileType = wrapper.framework; name = QtGui.framework; path = ../../../Qt5.0.1/5.0.1/clang_64/lib/QtGui.framework; sourceTree = "<group>"; };
		B465D86D17033FDE0022E543 /* QtHelp.framework */ = {isa = PBXFileReference; lastKnownFileType = wrapper.framework; name = QtHelp.framework; path = ../../../Qt5.0.1/5.0.1/clang_64/lib/QtHelp.framework; sourceTree = "<group>"; };
		B465D86E17033FDE0022E543 /* QtMultimedia.framework */ = {isa = PBXFileReference; lastKnownFileType = wrapper.framework; name = QtMultimedia.framework; path = ../../../Qt5.0.1/5.0.1/clang_64/lib/QtMultimedia.framework; sourceTree = "<group>"; };
		B465D86F17033FDE0022E543 /* QtMultimediaQuick_p.framework */ = {isa = PBXFileReference; lastKnownFileType = wrapper.framework; name = QtMultimediaQuick_p.framework; path = ../../../Qt5.0.1/5.0.1/clang_64/lib/QtMultimediaQuick_p.framework; sourceTree = "<group>"; };
		B465D87017033FDE0022E543 /* QtMultimediaWidgets.framework */ = {isa = PBXFileReference; lastKnownFileType = wrapper.framework; name = QtMultimediaWidgets.framework; path = ../../../Qt5.0.1/5.0.1/clang_64/lib/QtMultimediaWidgets.framework; sourceTree = "<group>"; };
		B465D87117033FDE0022E543 /* QtNetwork.framework */ = {isa = PBXFileReference; lastKnownFileType = wrapper.framework; name = QtNetwork.framework; path = ../../../Qt5.0.1/5.0.1/clang_64/lib/QtNetwork.framework; sourceTree = "<group>"; };
		B465D87217033FDE0022E543 /* QtOpenGL.framework */ = {isa = PBXFileReference; lastKnownFileType = wrapper.framework; name = QtOpenGL.framework; path = ../../../Qt5.0.1/5.0.1/clang_64/lib/QtOpenGL.framework; sourceTree = "<group>"; };
		B465D87317033FDE0022E543 /* QtPrintSupport.framework */ = {isa = PBXFileReference; lastKnownFileType = wrapper.framework; name = QtPrintSupport.framework; path = ../../../Qt5.0.1/5.0.1/clang_64/lib/QtPrintSupport.framework; sourceTree = "<group>"; };
		B465D87417033FDE0022E543 /* QtQml.framework */ = {isa = PBXFileReference; lastKnownFileType = wrapper.framework; name = QtQml.framework; path = ../../../Qt5.0.1/5.0.1/clang_64/lib/QtQml.framework; sourceTree = "<group>"; };
		B465D87517033FDE0022E543 /* QtQuick.framework */ = {isa = PBXFileReference; lastKnownFileType = wrapper.framework; name = QtQuick.framework; path = ../../../Qt5.0.1/5.0.1/clang_64/lib/QtQuick.framework; sourceTree = "<group>"; };
		B465D87617033FDE0022E543 /* QtQuickParticles.framework */ = {isa = PBXFileReference; lastKnownFileType = wrapper.framework; name = QtQuickParticles.framework; path = ../../../Qt5.0.1/5.0.1/clang_64/lib/QtQuickParticles.framework; sourceTree = "<group>"; };
		B465D87717033FDE0022E543 /* QtQuickTest.framework */ = {isa = PBXFileReference; lastKnownFileType = wrapper.framework; name = QtQuickTest.framework; path = ../../../Qt5.0.1/5.0.1/clang_64/lib/QtQuickTest.framework; sourceTree = "<group>"; };
		B465D87817033FDE0022E543 /* QtScript.framework */ = {isa = PBXFileReference; lastKnownFileType = wrapper.framework; name = QtScript.framework; path = ../../../Qt5.0.1/5.0.1/clang_64/lib/QtScript.framework; sourceTree = "<group>"; };
		B465D87917033FDE0022E543 /* QtScriptTools.framework */ = {isa = PBXFileReference; lastKnownFileType = wrapper.framework; name = QtScriptTools.framework; path = ../../../Qt5.0.1/5.0.1/clang_64/lib/QtScriptTools.framework; sourceTree = "<group>"; };
		B465D87A17033FDE0022E543 /* QtSql.framework */ = {isa = PBXFileReference; lastKnownFileType = wrapper.framework; name = QtSql.framework; path = ../../../Qt5.0.1/5.0.1/clang_64/lib/QtSql.framework; sourceTree = "<group>"; };
		B465D87B17033FDE0022E543 /* QtSvg.framework */ = {isa = PBXFileReference; lastKnownFileType = wrapper.framework; name = QtSvg.framework; path = ../../../Qt5.0.1/5.0.1/clang_64/lib/QtSvg.framework; sourceTree = "<group>"; };
		B465D87C17033FDE0022E543 /* QtTest.framework */ = {isa = PBXFileReference; lastKnownFileType = wrapper.framework; name = QtTest.framework; path = ../../../Qt5.0.1/5.0.1/clang_64/lib/QtTest.framework; sourceTree = "<group>"; };
		B465D87D17033FDE0022E543 /* QtV8.framework */ = {isa = PBXFileReference; lastKnownFileType = wrapper.framework; name = QtV8.framework; path = ../../../Qt5.0.1/5.0.1/clang_64/lib/QtV8.framework; sourceTree = "<group>"; };
		B465D87E17033FDE0022E543 /* QtWebKit.framework */ = {isa = PBXFileReference; lastKnownFileType = wrapper.framework; name = QtWebKit.framework; path = ../../../Qt5.0.1/5.0.1/clang_64/lib/QtWebKit.framework; sourceTree = "<group>"; };
		B465D87F17033FDE0022E543 /* QtWebKitWidgets.framework */ = {isa = PBXFileReference; lastKnownFileType = wrapper.framework; name = QtWebKitWidgets.framework; path = ../../../Qt5.0.1/5.0.1/clang_64/lib/QtWebKitWidgets.framework; sourceTree = "<group>"; };
		B465D88017033FDE0022E543 /* QtWidgets.framework */ = {isa = PBXFileReference; lastKnownFileType = wrapper.framework; name = QtWidgets.framework; path = ../../../Qt5.0.1/5.0.1/clang_64/lib/QtWidgets.framework; sourceTree = "<group>"; };
		B465D88117033FDE0022E543 /* QtXml.framework */ = {isa = PBXFileReference; lastKnownFileType = wrapper.framework; name = QtXml.framework; path = ../../../Qt5.0.1/5.0.1/clang_64/lib/QtXml.framework; sourceTree = "<group>"; };
		B465D88217033FDE0022E543 /* QtXmlPatterns.framework */ = {isa = PBXFileReference; lastKnownFileType = wrapper.framework; name = QtXmlPatterns.framework; path = ../../../Qt5.0.1/5.0.1/clang_64/lib/QtXmlPatterns.framework; sourceTree = "<group>"; };
		B4EFFEE7171ED0C80076E810 /* AnalogClock.cpp */ = {isa = PBXFileReference; fileEncoding = 4; lastKnownFileType = sourcecode.cpp.cpp; name = AnalogClock.cpp; path = Views/Clocks/AnalogClock.cpp; sourceTree = SOURCE_ROOT; };
		B4EFFEE8171ED0C80076E810 /* AnalogClock.h */ = {isa = PBXFileReference; fileEncoding = 4; lastKnownFileType = sourcecode.c.h; name = AnalogClock.h; path = Views/Clocks/AnalogClock.h; sourceTree = SOURCE_ROOT; };
		B4EFFEE9171ED0C80076E810 /* Clock.cpp */ = {isa = PBXFileReference; fileEncoding = 4; lastKnownFileType = sourcecode.cpp.cpp; name = Clock.cpp; path = Views/Clocks/Clock.cpp; sourceTree = SOURCE_ROOT; };
		B4EFFEEA171ED0C80076E810 /* Clock.h */ = {isa = PBXFileReference; fileEncoding = 4; lastKnownFileType = sourcecode.c.h; name = Clock.h; path = Views/Clocks/Clock.h; sourceTree = SOURCE_ROOT; };
		B4EFFEF4171ED2DA0076E810 /* ViewController.cpp */ = {isa = PBXFileReference; fileEncoding = 4; lastKnownFileType = sourcecode.cpp.cpp; name = ViewController.cpp; path = ViewControllers/ViewController.cpp; sourceTree = SOURCE_ROOT; };
		B4EFFEF5171ED2DA0076E810 /* ViewController.h */ = {isa = PBXFileReference; fileEncoding = 4; lastKnownFileType = sourcecode.c.h; name = ViewController.h; path = ViewControllers/ViewController.h; sourceTree = SOURCE_ROOT; };
		B4EFFEF7171ED2F20076E810 /* DataSource.cpp */ = {isa = PBXFileReference; fileEncoding = 4; lastKnownFileType = sourcecode.cpp.cpp; name = DataSource.cpp; path = Model/DataSource.cpp; sourceTree = SOURCE_ROOT; };
		B4EFFEF8171ED2F20076E810 /* DataSource.h */ = {isa = PBXFileReference; fileEncoding = 4; lastKnownFileType = sourcecode.c.h; name = DataSource.h; path = Model/DataSource.h; sourceTree = SOURCE_ROOT; };
		B4EFFEFA171ED2FF0076E810 /* Pupil.cpp */ = {isa = PBXFileReference; fileEncoding = 4; lastKnownFileType = sourcecode.cpp.cpp; name = Pupil.cpp; path = Model/Pupil.cpp; sourceTree = SOURCE_ROOT; };
		B4EFFEFB171ED2FF0076E810 /* Pupil.h */ = {isa = PBXFileReference; fileEncoding = 4; lastKnownFileType = sourcecode.c.h; name = Pupil.h; path = Model/Pupil.h; sourceTree = SOURCE_ROOT; };
		B4EFFEFD171ED3130076E810 /* ClockApp.cpp */ = {isa = PBXFileReference; fileEncoding = 4; lastKnownFileType = sourcecode.cpp.cpp; path = ClockApp.cpp; sourceTree = SOURCE_ROOT; };
		B4EFFEFE171ED3130076E810 /* ClockApp.h */ = {isa = PBXFileReference; fileEncoding = 4; lastKnownFileType = sourcecode.c.h; path = ClockApp.h; sourceTree = SOURCE_ROOT; };
		B4EFFF00171ED32C0076E810 /* NotificationCenter.cpp */ = {isa = PBXFileReference; fileEncoding = 4; lastKnownFileType = sourcecode.cpp.cpp; path = NotificationCenter.cpp; sourceTree = SOURCE_ROOT; };
		B4EFFF01171ED32C0076E810 /* NotificationCenter.h */ = {isa = PBXFileReference; fileEncoding = 4; lastKnownFileType = sourcecode.c.h; path = NotificationCenter.h; sourceTree = SOURCE_ROOT; };
/* End PBXFileReference section */

/* Begin PBXFrameworksBuildPhase section */
		B40A8C7517032B2B00FE876D /* Frameworks */ = {
			isa = PBXFrameworksBuildPhase;
			buildActionMask = 2147483647;
			files = (
				B465D88317033FDE0022E543 /* QtCLucene.framework in Frameworks */,
				B465D88417033FDE0022E543 /* QtConcurrent.framework in Frameworks */,
				B465D88517033FDE0022E543 /* QtCore.framework in Frameworks */,
				B465D88617033FDE0022E543 /* QtDeclarative.framework in Frameworks */,
				B465D88717033FDE0022E543 /* QtDesigner.framework in Frameworks */,
				B465D88817033FDE0022E543 /* QtDesignerComponents.framework in Frameworks */,
				B465D88917033FDE0022E543 /* QtGui.framework in Frameworks */,
				B465D88A17033FDE0022E543 /* QtHelp.framework in Frameworks */,
				B465D88B17033FDE0022E543 /* QtMultimedia.framework in Frameworks */,
				B465D88C17033FDE0022E543 /* QtMultimediaQuick_p.framework in Frameworks */,
				B465D88D17033FDE0022E543 /* QtMultimediaWidgets.framework in Frameworks */,
				B465D88E17033FDE0022E543 /* QtNetwork.framework in Frameworks */,
				B465D88F17033FDE0022E543 /* QtOpenGL.framework in Frameworks */,
				B465D89017033FDE0022E543 /* QtPrintSupport.framework in Frameworks */,
				B465D89117033FDE0022E543 /* QtQml.framework in Frameworks */,
				B465D89217033FDE0022E543 /* QtQuick.framework in Frameworks */,
				B465D89317033FDE0022E543 /* QtQuickParticles.framework in Frameworks */,
				B465D89417033FDE0022E543 /* QtQuickTest.framework in Frameworks */,
				B465D89517033FDE0022E543 /* QtScript.framework in Frameworks */,
				B465D89617033FDE0022E543 /* QtScriptTools.framework in Frameworks */,
				B465D89717033FDE0022E543 /* QtSql.framework in Frameworks */,
				B465D89817033FDE0022E543 /* QtSvg.framework in Frameworks */,
				B465D89917033FDE0022E543 /* QtTest.framework in Frameworks */,
				B465D89A17033FDE0022E543 /* QtV8.framework in Frameworks */,
				B465D89B17033FDE0022E543 /* QtWebKit.framework in Frameworks */,
				B465D89C17033FDE0022E543 /* QtWebKitWidgets.framework in Frameworks */,
				B465D89D17033FDE0022E543 /* QtWidgets.framework in Frameworks */,
				B465D89E17033FDE0022E543 /* QtXml.framework in Frameworks */,
				B465D89F17033FDE0022E543 /* QtXmlPatterns.framework in Frameworks */,
			);
			runOnlyForDeploymentPostprocessing = 0;
		};
/* End PBXFrameworksBuildPhase section */

/* Begin PBXGroup section */
		B40EE5751732BB9000667D36 /* UndoRedo */ = {
			isa = PBXGroup;
			children = (
				B457522D17398A1F006F1FA5 /* UndoRedoCanvasView.cpp */,
				B457522E17398A1F006F1FA5 /* UndoRedoCanvasView.h */,
				B44680C91733DD2000D533A6 /* Circle.cpp */,
				B44680CA1733DD2000D533A6 /* Circle.h */,
				B40EE5721732BB8800667D36 /* Undoable.cpp */,
				B40EE5731732BB8800667D36 /* Undoable.h */,
				B40EE5761732BCCC00667D36 /* UndoRedoManager.cpp */,
				B40EE5771732BCCC00667D36 /* UndoRedoManager.h */,
				B40EE5791732BCE200667D36 /* UndoRedoViewController.cpp */,
				B40EE57A1732BCE200667D36 /* UndoRedoViewController.h */,
				B44680CE1733DDB500D533A6 /* Drawable.cpp */,
				B40EE57D1732BD2000667D36 /* Drawable.h */,
				B40EE57F1732BD7400667D36 /* UndoRedoWindow.cpp */,
				B40EE5801732BD7400667D36 /* UndoRedoWindow.h */,
				B40EE58A1732C97F00667D36 /* UndoRedoView.cpp */,
				B40EE58B1732C97F00667D36 /* UndoRedoView.h */,
				B40EE58D1732D08C00667D36 /* Rectangle.cpp */,
				B40EE58E1732D08C00667D36 /* Rectangle.h */,
			);
			name = UndoRedo;
			sourceTree = "<group>";
		};
		B450FF62173D2E20000A03B4 /* Animations */ = {
			isa = PBXGroup;
			children = (
				B450FF66173D3013000A03B4 /* BasicAnimation.cpp */,
				B450FF67173D3013000A03B4 /* BasicAnimation.h */,
				B450FF69173D3219000A03B4 /* AnimationCurve.cpp */,
				B450FF6A173D3219000A03B4 /* AnimationCurve.h */,
				B450FF6C173D3226000A03B4 /* LinearAnimationCurve.cpp */,
				B450FF6D173D3226000A03B4 /* LinearAnimationCurve.h */,
				B450FF6F173D3253000A03B4 /* EaseInAnimationCurve.cpp */,
				B450FF70173D3253000A03B4 /* EaseInAnimationCurve.h */,
				B450FF72173D3260000A03B4 /* EaseOutAnimationCurve.cpp */,
				B450FF73173D3260000A03B4 /* EaseOutAnimationCurve.h */,
				B450FF75173D32D5000A03B4 /* EaseInOutAnimationCurve.cpp */,
				B450FF76173D32D5000A03B4 /* EaseInOutAnimationCurve.h */,
				B450FF78173D3725000A03B4 /* Animation.cpp */,
				B450FF79173D3725000A03B4 /* Animation.h */,
			);
			path = Animations;
			sourceTree = "<group>";
		};
		B465D82B17033EB20022E543 /* Frameworks */ = {
			isa = PBXGroup;
			children = (
				B465D86617033FDE0022E543 /* QtCLucene.framework */,
				B465D86717033FDE0022E543 /* QtConcurrent.framework */,
				B465D86817033FDE0022E543 /* QtCore.framework */,
				B465D86917033FDE0022E543 /* QtDeclarative.framework */,
				B465D86A17033FDE0022E543 /* QtDesigner.framework */,
				B465D86B17033FDE0022E543 /* QtDesignerComponents.framework */,
				B465D86C17033FDE0022E543 /* QtGui.framework */,
				B465D86D17033FDE0022E543 /* QtHelp.framework */,
				B465D86E17033FDE0022E543 /* QtMultimedia.framework */,
				B465D86F17033FDE0022E543 /* QtMultimediaQuick_p.framework */,
				B465D87017033FDE0022E543 /* QtMultimediaWidgets.framework */,
				B465D87117033FDE0022E543 /* QtNetwork.framework */,
				B465D87217033FDE0022E543 /* QtOpenGL.framework */,
				B465D87317033FDE0022E543 /* QtPrintSupport.framework */,
				B465D87417033FDE0022E543 /* QtQml.framework */,
				B465D87517033FDE0022E543 /* QtQuick.framework */,
				B465D87617033FDE0022E543 /* QtQuickParticles.framework */,
				B465D87717033FDE0022E543 /* QtQuickTest.framework */,
				B465D87817033FDE0022E543 /* QtScript.framework */,
				B465D87917033FDE0022E543 /* QtScriptTools.framework */,
				B465D87A17033FDE0022E543 /* QtSql.framework */,
				B465D87B17033FDE0022E543 /* QtSvg.framework */,
				B465D87C17033FDE0022E543 /* QtTest.framework */,
				B465D87D17033FDE0022E543 /* QtV8.framework */,
				B465D87E17033FDE0022E543 /* QtWebKit.framework */,
				B465D87F17033FDE0022E543 /* QtWebKitWidgets.framework */,
				B465D88017033FDE0022E543 /* QtWidgets.framework */,
				B465D88117033FDE0022E543 /* QtXml.framework */,
				B465D88217033FDE0022E543 /* QtXmlPatterns.framework */,
			);
			name = Frameworks;
			path = devgui2;
			sourceTree = "<group>";
		};
		B4817F5A1702F7D900BD9A2F = {
			isa = PBXGroup;
			children = (
				B4817F671702F83800BD9A2F /* devgui2 */,
				B465D82B17033EB20022E543 /* Frameworks */,
				B4817F661702F83800BD9A2F /* Products */,
			);
			sourceTree = "<group>";
		};
		B4817F661702F83800BD9A2F /* Products */ = {
			isa = PBXGroup;
			children = (
				B40A8C7817032B2B00FE876D /* Clock */,
			);
			name = Products;
			sourceTree = "<group>";
		};
		B4817F671702F83800BD9A2F /* devgui2 */ = {
			isa = PBXGroup;
			children = (
				B450FF62173D2E20000A03B4 /* Animations */,
				B4EFFEF0171ED1A10076E810 /* Model */,
				B4EFFEE6171ED08D0076E810 /* Views */,
				B4EFFEE5171ED03E0076E810 /* ViewControllers */,
				B465D7B0170338B20022E543 /* mainwindow.cpp */,
				B465D7B1170338B20022E543 /* mainwindow.h */,
				B465D7B3170338C60022E543 /* main.cpp */,
				B4EFFEFD171ED3130076E810 /* ClockApp.cpp */,
				B4EFFEFE171ED3130076E810 /* ClockApp.h */,
				B4EFFF00171ED32C0076E810 /* NotificationCenter.cpp */,
				B4EFFF01171ED32C0076E810 /* NotificationCenter.h */,
				B40EE5751732BB9000667D36 /* UndoRedo */,
			);
			path = devgui2;
			sourceTree = "<group>";
		};
		B48E32D81704DC2D00E0DB00 /* Clocks */ = {
			isa = PBXGroup;
			children = (
				B40EE5921732E78B00667D36 /* FlipClock.cpp */,
				B40EE5931732E78B00667D36 /* FlipClock.h */,
				B4EFFEE7171ED0C80076E810 /* AnalogClock.cpp */,
				B4EFFEE8171ED0C80076E810 /* AnalogClock.h */,
				B4EFFEE9171ED0C80076E810 /* Clock.cpp */,
				B4EFFEEA171ED0C80076E810 /* Clock.h */,
			);
			name = Clocks;
			sourceTree = "<group>";
		};
		B4EFFEE5171ED03E0076E810 /* ViewControllers */ = {
			isa = PBXGroup;
			children = (
				B4EFFEF4171ED2DA0076E810 /* ViewController.cpp */,
				B4EFFEF5171ED2DA0076E810 /* ViewController.h */,
			);
			name = ViewControllers;
			sourceTree = "<group>";
		};
		B4EFFEE6171ED08D0076E810 /* Views */ = {
			isa = PBXGroup;
			children = (
				B48E32D81704DC2D00E0DB00 /* Clocks */,
			);
			name = Views;
			sourceTree = "<group>";
		};
		B4EFFEF0171ED1A10076E810 /* Model */ = {
			isa = PBXGroup;
			children = (
				B4EFFEF7171ED2F20076E810 /* DataSource.cpp */,
				B4EFFEF8171ED2F20076E810 /* DataSource.h */,
				B4EFFEFA171ED2FF0076E810 /* Pupil.cpp */,
				B4EFFEFB171ED2FF0076E810 /* Pupil.h */,
			);
			name = Model;
			sourceTree = "<group>";
		};
/* End PBXGroup section */

/* Begin PBXNativeTarget section */
		B40A8C7717032B2B00FE876D /* Clock */ = {
			isa = PBXNativeTarget;
			buildConfigurationList = B40A8C7E17032B2B00FE876D /* Build configuration list for PBXNativeTarget "Clock" */;
			buildPhases = (
				B40A8C7417032B2B00FE876D /* Sources */,
				B40A8C7517032B2B00FE876D /* Frameworks */,
				B40A8C7617032B2B00FE876D /* CopyFiles */,
				B48E32D41704839D00E0DB00 /* ShellScript */,
			);
			buildRules = (
				B4E9D31117048259001D7674 /* PBXBuildRule */,
			);
			dependencies = (
			);
			name = Clock;
			productName = app;
			productReference = B40A8C7817032B2B00FE876D /* Clock */;
			productType = "com.apple.product-type.tool";
		};
/* End PBXNativeTarget section */

/* Begin PBXProject section */
		B4817F5B1702F7D900BD9A2F /* Project object */ = {
			isa = PBXProject;
			attributes = {
				LastUpgradeCheck = 0460;
			};
			buildConfigurationList = B4817F5E1702F7D900BD9A2F /* Build configuration list for PBXProject "guidev2" */;
			compatibilityVersion = "Xcode 3.2";
			developmentRegion = English;
			hasScannedForEncodings = 0;
			knownRegions = (
				en,
			);
			mainGroup = B4817F5A1702F7D900BD9A2F;
			productRefGroup = B4817F661702F83800BD9A2F /* Products */;
			projectDirPath = "";
			projectRoot = "";
			targets = (
				B40A8C7717032B2B00FE876D /* Clock */,
			);
		};
/* End PBXProject section */

/* Begin PBXShellScriptBuildPhase section */
		B48E32D41704839D00E0DB00 /* ShellScript */ = {
			isa = PBXShellScriptBuildPhase;
			buildActionMask = 2147483647;
			files = (
			);
			inputPaths = (
			);
			outputPaths = (
			);
			runOnlyForDeploymentPostprocessing = 0;
			shellPath = /bin/sh;
			shellScript = "find \"$SOURCE_ROOT\" -name '*_moc.cpp' -print0 | xargs -0 rm ";
		};
/* End PBXShellScriptBuildPhase section */

/* Begin PBXSourcesBuildPhase section */
		B40A8C7417032B2B00FE876D /* Sources */ = {
			isa = PBXSourcesBuildPhase;
			buildActionMask = 2147483647;
			files = (
				B450FF7B173D58B6000A03B4 /* BasicAnimation.h in Sources */,
				B450FF7C173D58B6000A03B4 /* AnimationCurve.h in Sources */,
				B450FF7D173D58B6000A03B4 /* LinearAnimationCurve.h in Sources */,
				B450FF7E173D58B6000A03B4 /* EaseInAnimationCurve.h in Sources */,
				B450FF7F173D58B6000A03B4 /* EaseOutAnimationCurve.h in Sources */,
				B450FF80173D58B6000A03B4 /* EaseInOutAnimationCurve.h in Sources */,
				B450FF81173D58B6000A03B4 /* Animation.h in Sources */,
				B457523017398A27006F1FA5 /* UndoRedoCanvasView.h in Sources */,
				B44680CC1733DD3300D533A6 /* Circle.cpp in Sources */,
				B44680CD1733DD3300D533A6 /* Circle.h in Sources */,
				B40EE5951732E79000667D36 /* FlipClock.h in Sources */,
				B40EE5901732D72500667D36 /* UndoRedoView.h in Sources */,
				B40EE5911732D72500667D36 /* Rectangle.h in Sources */,
				B40EE5851732C45900667D36 /* Undoable.h in Sources */,
				B40EE5861732C45900667D36 /* UndoRedoManager.h in Sources */,
				B40EE5871732C45900667D36 /* UndoRedoViewController.h in Sources */,
				B40EE5881732C45900667D36 /* Drawable.h in Sources */,
				B40EE5891732C45900667D36 /* UndoRedoWindow.h in Sources */,
				B4EFFF03171ED4A90076E810 /* DataSource.h in Sources */,
				B4EFFF04171ED4A90076E810 /* Pupil.h in Sources */,
				B4EFFF05171ED4A90076E810 /* AnalogClock.h in Sources */,
				B4EFFF06171ED4A90076E810 /* Clock.h in Sources */,
				B4EFFF07171ED4A90076E810 /* ViewController.h in Sources */,
				B4EFFF08171ED4A90076E810 /* ClockApp.h in Sources */,
				B4EFFF09171ED4A90076E810 /* NotificationCenter.h in Sources */,
				B465D7B6170339800022E543 /* mainwindow.h in Sources */,
				B465D7B2170338B20022E543 /* mainwindow.cpp in Sources */,
				B465D7B5170338C60022E543 /* main.cpp in Sources */,
				B4EFFEEB171ED0C80076E810 /* AnalogClock.cpp in Sources */,
				B4EFFEEC171ED0C80076E810 /* Clock.cpp in Sources */,
				B4EFFEF6171ED2DA0076E810 /* ViewController.cpp in Sources */,
				B4EFFEF9171ED2F20076E810 /* DataSource.cpp in Sources */,
				B4EFFEFC171ED2FF0076E810 /* Pupil.cpp in Sources */,
				B4EFFEFF171ED3130076E810 /* ClockApp.cpp in Sources */,
				B4EFFF02171ED32C0076E810 /* NotificationCenter.cpp in Sources */,
				B40EE5741732BB8800667D36 /* Undoable.cpp in Sources */,
				B40EE5781732BCCC00667D36 /* UndoRedoManager.cpp in Sources */,
				B40EE57B1732BCE200667D36 /* UndoRedoViewController.cpp in Sources */,
				B40EE5811732BD7400667D36 /* UndoRedoWindow.cpp in Sources */,
				B40EE58C1732C97F00667D36 /* UndoRedoView.cpp in Sources */,
				B40EE58F1732D08C00667D36 /* Rectangle.cpp in Sources */,
				B40EE5941732E78B00667D36 /* FlipClock.cpp in Sources */,
				B44680CF1733DDB500D533A6 /* Drawable.cpp in Sources */,
				B457522F17398A1F006F1FA5 /* UndoRedoCanvasView.cpp in Sources */,
				B450FF68173D3013000A03B4 /* BasicAnimation.cpp in Sources */,
				B450FF6B173D3219000A03B4 /* AnimationCurve.cpp in Sources */,
				B450FF6E173D3226000A03B4 /* LinearAnimationCurve.cpp in Sources */,
				B450FF71173D3253000A03B4 /* EaseInAnimationCurve.cpp in Sources */,
				B450FF74173D3260000A03B4 /* EaseOutAnimationCurve.cpp in Sources */,
				B450FF77173D32D5000A03B4 /* EaseInOutAnimationCurve.cpp in Sources */,
				B450FF7A173D3725000A03B4 /* Animation.cpp in Sources */,
			);
			runOnlyForDeploymentPostprocessing = 0;
		};
/* End PBXSourcesBuildPhase section */

/* Begin XCBuildConfiguration section */
		B40A8C7F17032B2B00FE876D /* Debug */ = {
			isa = XCBuildConfiguration;
			buildSettings = {
				ALWAYS_SEARCH_USER_PATHS = YES;
				ARCHS = "$(ARCHS_STANDARD_64_BIT)";
				CLANG_CXX_LANGUAGE_STANDARD = "gnu++0x";
				CLANG_CXX_LIBRARY = "libc++";
				CLANG_WARN_CONSTANT_CONVERSION = YES;
				CLANG_WARN_EMPTY_BODY = YES;
				CLANG_WARN_ENUM_CONVERSION = YES;
				CLANG_WARN_INT_CONVERSION = YES;
				CLANG_WARN__DUPLICATE_METHOD_MATCH = YES;
				COPY_PHASE_STRIP = NO;
				FRAMEWORK_SEARCH_PATHS = "\"${HOME}/Qt5.0.1/5.0.1/clang_64/lib/\"/**";
				GCC_C_LANGUAGE_STANDARD = gnu99;
				GCC_DYNAMIC_NO_PIC = NO;
				GCC_ENABLE_OBJC_EXCEPTIONS = YES;
				GCC_INCREASE_PRECOMPILED_HEADER_SHARING = YES;
				GCC_OPTIMIZATION_LEVEL = 0;
				GCC_PRECOMPILE_PREFIX_HEADER = NO;
				GCC_PREPROCESSOR_DEFINITIONS = (
					"DEBUG=1",
					"$(inherited)",
				);
				GCC_SYMBOLS_PRIVATE_EXTERN = NO;
				GCC_WARN_64_TO_32_BIT_CONVERSION = YES;
				GCC_WARN_ABOUT_RETURN_TYPE = YES;
				GCC_WARN_UNINITIALIZED_AUTOS = YES;
				GCC_WARN_UNKNOWN_PRAGMAS = YES;
				GCC_WARN_UNUSED_VARIABLE = YES;
				HEADER_SEARCH_PATHS = "\"/Users/jens/Qt5.0.1/5.0.1/clang_64/include\"/**";
				MACOSX_DEPLOYMENT_TARGET = 10.8;
				ONLY_ACTIVE_ARCH = YES;
				PRECOMPS_INCLUDE_HEADERS_FROM_BUILT_PRODUCTS_DIR = YES;
				PRODUCT_NAME = "$(TARGET_NAME)";
				SCAN_ALL_SOURCE_FILES_FOR_INCLUDES = YES;
				SDKROOT = macosx;
			};
			name = Debug;
		};
		B40A8C8017032B2B00FE876D /* Release */ = {
			isa = XCBuildConfiguration;
			buildSettings = {
				ALWAYS_SEARCH_USER_PATHS = YES;
				ARCHS = "$(ARCHS_STANDARD_64_BIT)";
				CLANG_CXX_LANGUAGE_STANDARD = "gnu++0x";
				CLANG_CXX_LIBRARY = "libc++";
				CLANG_WARN_CONSTANT_CONVERSION = YES;
				CLANG_WARN_EMPTY_BODY = YES;
				CLANG_WARN_ENUM_CONVERSION = YES;
				CLANG_WARN_INT_CONVERSION = YES;
				CLANG_WARN__DUPLICATE_METHOD_MATCH = YES;
				COPY_PHASE_STRIP = YES;
				DEBUG_INFORMATION_FORMAT = "dwarf-with-dsym";
				FRAMEWORK_SEARCH_PATHS = "\"${HOME}/Qt5.0.1/5.0.1/clang_64/lib/\"/**";
				GCC_C_LANGUAGE_STANDARD = gnu99;
				GCC_ENABLE_OBJC_EXCEPTIONS = YES;
				GCC_INCREASE_PRECOMPILED_HEADER_SHARING = YES;
				GCC_PRECOMPILE_PREFIX_HEADER = NO;
				GCC_WARN_64_TO_32_BIT_CONVERSION = YES;
				GCC_WARN_ABOUT_RETURN_TYPE = YES;
				GCC_WARN_UNINITIALIZED_AUTOS = YES;
				GCC_WARN_UNKNOWN_PRAGMAS = YES;
				GCC_WARN_UNUSED_VARIABLE = YES;
				HEADER_SEARCH_PATHS = "\"/Users/jens/Qt5.0.1/5.0.1/clang_64/include\"/**";
				MACOSX_DEPLOYMENT_TARGET = 10.8;
				PRECOMPS_INCLUDE_HEADERS_FROM_BUILT_PRODUCTS_DIR = YES;
				PRODUCT_NAME = "$(TARGET_NAME)";
				SCAN_ALL_SOURCE_FILES_FOR_INCLUDES = YES;
				SDKROOT = macosx;
			};
			name = Release;
		};
		B4817F5F1702F7D900BD9A2F /* Debug */ = {
			isa = XCBuildConfiguration;
			buildSettings = {
			};
			name = Debug;
		};
		B4817F601702F7D900BD9A2F /* Release */ = {
			isa = XCBuildConfiguration;
			buildSettings = {
			};
			name = Release;
		};
/* End XCBuildConfiguration section */

/* Begin XCConfigurationList section */
		B40A8C7E17032B2B00FE876D /* Build configuration list for PBXNativeTarget "Clock" */ = {
			isa = XCConfigurationList;
			buildConfigurations = (
				B40A8C7F17032B2B00FE876D /* Debug */,
				B40A8C8017032B2B00FE876D /* Release */,
			);
			defaultConfigurationIsVisible = 0;
			defaultConfigurationName = Release;
		};
		B4817F5E1702F7D900BD9A2F /* Build configuration list for PBXProject "guidev2" */ = {
			isa = XCConfigurationList;
			buildConfigurations = (
				B4817F5F1702F7D900BD9A2F /* Debug */,
				B4817F601702F7D900BD9A2F /* Release */,
			);
			defaultConfigurationIsVisible = 0;
			defaultConfigurationName = Release;
		};
/* End XCConfigurationList section */
	};
	rootObject = B4817F5B1702F7D900BD9A2F /* Project object */;
}
